
Microsoft Visual Studio Solution File, Format Version 9.00
# Visual Studio 2005
Project("{FAE04EC0-301F-11D3-BF4B-00C04F79EFBC}") = "AndroMDA.VS80AddIn", "AndroMDA.VS80AddIn\AndroMDA.VS80AddIn.csproj", "{93AB0FE0-3A0F-44E5-A4A0-AFBCAB0C8049}"
	ProjectSection(WebsiteProperties) = preProject
		Debug.AspNetCompiler.Debug = "True"
		Release.AspNetCompiler.Debug = "False"
	EndProjectSection
EndProject
Global
	GlobalSection(SolutionConfigurationPlatforms) = preSolution
		Debug|Any CPU = Debug|Any CPU
		Release|Any CPU = Release|Any CPU
	EndGlobalSection
	GlobalSection(ProjectConfigurationPlatforms) = postSolution
		{93AB0FE0-3A0F-44E5-A4A0-AFBCAB0C8049}.Debug|Any CPU.ActiveCfg = Debug|Any CPU
		{93AB0FE0-3A0F-44E5-A4A0-AFBCAB0C8049}.Debug|Any CPU.Build.0 = Debug|Any CPU
		{93AB0FE0-3A0F-44E5-A4A0-AFBCAB0C8049}.Release|Any CPU.ActiveCfg = Release|Any CPU
		{93AB0FE0-3A0F-44E5-A4A0-AFBCAB0C8049}.Release|Any CPU.Build.0 = Release|Any CPU
	EndGlobalSection
	GlobalSection(SolutionProperties) = preSolution
		HideSolutionNode = FALSE
	EndGlobalSection
EndGlobal
