Microsoft Visual Studio Solution File, Format Version 8.00
Project("{FAE04EC0-301F-11D3-BF4B-00C04F79EFBC}") = "AndroMDA.NHibernateSupport", "AndroMDA.NHibernateSupport.csproj", "{8349509A-0F7D-411A-AA7B-176AA6452911}"
	ProjectSection(ProjectDependencies) = postProject
	EndProjectSection
EndProject
Global
	GlobalSection(SolutionConfiguration) = preSolution
		Debug = Debug
		Release = Release
	EndGlobalSection
	GlobalSection(ProjectConfiguration) = postSolution
		{8349509A-0F7D-411A-AA7B-176AA6452911}.Debug.ActiveCfg = Debug|.NET
		{8349509A-0F7D-411A-AA7B-176AA6452911}.Debug.Build.0 = Debug|.NET
		{8349509A-0F7D-411A-AA7B-176AA6452911}.Release.ActiveCfg = Release|.NET
		{8349509A-0F7D-411A-AA7B-176AA6452911}.Release.Build.0 = Release|.NET
	EndGlobalSection
	GlobalSection(ExtensibilityGlobals) = postSolution
	EndGlobalSection
	GlobalSection(ExtensibilityAddIns) = postSolution
	EndGlobalSection
EndGlobal
